<?xml version="1.0" encoding="utf-8"?>
<Project ToolsVersion="4.0" xmlns="http://schemas.microsoft.com/developer/msbuild/2003">
  <ItemGroup>
    <Filter Include="Source Files">
      <UniqueIdentifier>{4FC737F1-C7A5-4376-A066-2A32D752A2FF}</UniqueIdentifier>
      <Extensions>cpp;c;cc;cxx;def;odl;idl;hpj;bat;asm;asmx</Extensions>
    </Filter>
    <Filter Include="Header Files">
      <UniqueIdentifier>{93995380-89BD-4b04-88EB-625FBE52EBFB}</UniqueIdentifier>
      <Extensions>h;hh;hpp;hxx;hm;inl;inc;ipp;xsd</Extensions>
    </Filter>
    <Filter Include="Resource Files">
      <UniqueIdentifier>{67DA6AB6-F800-4c08-8B7A-83BB121AAD01}</UniqueIdentifier>
      <Extensions>rc;ico;cur;bmp;dlg;rc2;rct;bin;rgs;gif;jpg;jpeg;jpe;resx;tiff;tif;png;wav;mfcribbon-ms</Extensions>
    </Filter>
    <Filter Include="Header Files\Mesher">
      <UniqueIdentifier>{c6dd197c-e120-4526-beed-93044a88fab9}</UniqueIdentifier>
    </Filter>
    <Filter Include="Source Files\Mesher">
      <UniqueIdentifier>{79618713-cf1b-45e0-adb0-518d6c1e4b5b}</UniqueIdentifier>
    </Filter>
    <Filter Include="Header Files\Util">
      <UniqueIdentifier>{7a17a1c3-e2fd-439e-bbbd-33711a65d20e}</UniqueIdentifier>
    </Filter>
    <Filter Include="Header Files\Texture">
      <UniqueIdentifier>{60e2bb8a-3770-4b72-9db4-b59581226ee5}</UniqueIdentifier>
    </Filter>
    <Filter Include="Source Files\Texture">
      <UniqueIdentifier>{e16faea8-19e2-48a4-bfea-8c57425c0c2f}</UniqueIdentifier>
    </Filter>
    <Filter Include="Header Files\Collision">
      <UniqueIdentifier>{12fb06e1-19d9-4d4d-8ada-006d7c4b1bf4}</UniqueIdentifier>
    </Filter>
    <Filter Include="Source Files\Collision">
      <UniqueIdentifier>{65779022-ae3e-466a-89ea-700bfad32ef6}</UniqueIdentifier>
    </Filter>
    <Filter Include="Header Files\Player">
      <UniqueIdentifier>{7c1bd9dc-d412-4223-b486-51ab6c757440}</UniqueIdentifier>
    </Filter>
    <Filter Include="Source Files\Player">
      <UniqueIdentifier>{81d0b2c9-23bd-473c-b3d9-4cad37a0b4c1}</UniqueIdentifier>
    </Filter>
    <Filter Include="Header Files\OpenGL">
      <UniqueIdentifier>{4795c620-1a33-434e-ad62-3e53b6493597}</UniqueIdentifier>
    </Filter>
    <Filter Include="Source Files\OpenGL">
      <UniqueIdentifier>{cbbbba4d-b58c-43d8-8b7c-04f2efab4889}</UniqueIdentifier>
    </Filter>
    <Filter Include="Header Files\FileSystem">
      <UniqueIdentifier>{0dc0efef-6b63-4f0a-a7f3-a762ba18c8f4}</UniqueIdentifier>
    </Filter>
    <Filter Include="Source Files\FileSystem">
      <UniqueIdentifier>{a21084be-35bc-4b15-9c3c-fdb5dd5b28f0}</UniqueIdentifier>
    </Filter>
    <Filter Include="Header Files\BlockData">
      <UniqueIdentifier>{3fb730de-68fd-4db0-b9ea-647bb07fd52a}</UniqueIdentifier>
    </Filter>
    <Filter Include="Source Files\BlockData">
      <UniqueIdentifier>{ccf560d3-07bc-41e5-8a27-aeeafdf7efe0}</UniqueIdentifier>
    </Filter>
  </ItemGroup>
  <ItemGroup>
    <ClInclude Include="World.h">
      <Filter>Header Files</Filter>
    </ClInclude>
    <ClInclude Include="Mesher.h">
      <Filter>Header Files\Mesher</Filter>
    </ClInclude>
    <ClInclude Include="WorldRenderMesh.h">
      <Filter>Header Files\Mesher</Filter>
    </ClInclude>
    <ClInclude Include="NaiveMesher.h">
      <Filter>Header Files\Mesher</Filter>
    </ClInclude>
    <ClInclude Include="Texture.h">
      <Filter>Header Files\Texture</Filter>
    </ClInclude>
    <ClInclude Include="AABB.h">
      <Filter>Header Files\Collision</Filter>
    </ClInclude>
    <ClInclude Include="Ray.h">
      <Filter>Header Files\Collision</Filter>
    </ClInclude>
    <ClInclude Include="Player.h">
      <Filter>Header Files\Player</Filter>
    </ClInclude>
    <ClInclude Include="Input.h">
      <Filter>Header Files</Filter>
    </ClInclude>
    <ClInclude Include="Shader.h">
      <Filter>Header Files\OpenGL</Filter>
    </ClInclude>
    <ClInclude Include="ShaderProgram.h">
      <Filter>Header Files\OpenGL</Filter>
    </ClInclude>
    <ClInclude Include="ShaderManager.h">
      <Filter>Header Files\OpenGL</Filter>
    </ClInclude>
    <ClInclude Include="Filesystem.h">
      <Filter>Header Files\FileSystem</Filter>
    </ClInclude>
    <ClInclude Include="BlockData.h">
      <Filter>Header Files\BlockData</Filter>
    </ClInclude>
    <ClInclude Include="TextureDictionary.h">
      <Filter>Header Files\Texture</Filter>
    </ClInclude>
  </ItemGroup>
  <ItemGroup>
    <ClCompile Include="World.cpp">
      <Filter>Source Files</Filter>
    </ClCompile>
    <ClCompile Include="main.cpp">
      <Filter>Source Files</Filter>
    </ClCompile>
    <ClCompile Include="NaiveMesher.cpp">
      <Filter>Source Files\Mesher</Filter>
    </ClCompile>
    <ClCompile Include="WorldRenderMesh.cpp">
      <Filter>Source Files\Mesher</Filter>
    </ClCompile>
    <ClCompile Include="F:\YEAR_2\DIRS\src\glad.c">
      <Filter>Source Files</Filter>
    </ClCompile>
    <ClCompile Include="Texture.cpp">
      <Filter>Source Files\Texture</Filter>
    </ClCompile>
    <ClCompile Include="AABB.cpp">
      <Filter>Source Files\Collision</Filter>
    </ClCompile>
    <ClCompile Include="Ray.cpp">
      <Filter>Source Files\Collision</Filter>
    </ClCompile>
    <ClCompile Include="Input.cpp">
      <Filter>Source Files</Filter>
    </ClCompile>
    <ClCompile Include="Player.cpp">
      <Filter>Source Files\Player</Filter>
    </ClCompile>
    <ClCompile Include="ShaderProgram.cpp">
      <Filter>Source Files\OpenGL</Filter>
    </ClCompile>
    <ClCompile Include="Shader.cpp">
      <Filter>Source Files\OpenGL</Filter>
    </ClCompile>
    <ClCompile Include="Filesystem.cpp">
      <Filter>Source Files\FileSystem</Filter>
    </ClCompile>
    <ClCompile Include="ShaderManager.cpp">
      <Filter>Source Files\OpenGL</Filter>
    </ClCompile>
    <ClCompile Include="BlockData.cpp">
      <Filter>Source Files\BlockData</Filter>
    </ClCompile>
    <ClCompile Include="TextureDictionary.cpp">
      <Filter>Source Files\Texture</Filter>
    </ClCompile>
  </ItemGroup>
</Project>